
Microsoft Visual Studio Solution File, Format Version 12.00
# Visual Studio Version 16
VisualStudioVersion = 16.0.29709.97
MinimumVisualStudioVersion = 10.0.40219.1
Project("{FAE04EC0-301F-11D3-BF4B-00C04F79EFBC}") = "UDPMuliticastChat", "UDPMuliticastChat.csproj", "{3861B23A-095C-4F37-9F4D-E214B2E0A4D3}"
EndProject
Global
	GlobalSection(SolutionConfigurationPlatforms) = preSolution
		Debug|Any CPU = Debug|Any CPU
		Release|Any CPU = Release|Any CPU
	EndGlobalSection
	GlobalSection(ProjectConfigurationPlatforms) = postSolution
		{3861B23A-095C-4F37-9F4D-E214B2E0A4D3}.Debug|Any CPU.ActiveCfg = Debug|Any CPU
		{3861B23A-095C-4F37-9F4D-E214B2E0A4D3}.Debug|Any CPU.Build.0 = Debug|Any CPU
		{3861B23A-095C-4F37-9F4D-E214B2E0A4D3}.Release|Any CPU.ActiveCfg = Release|Any CPU
		{3861B23A-095C-4F37-9F4D-E214B2E0A4D3}.Release|Any CPU.Build.0 = Release|Any CPU
	EndGlobalSection
	GlobalSection(SolutionProperties) = preSolution
		HideSolutionNode = FALSE
	EndGlobalSection
	GlobalSection(ExtensibilityGlobals) = postSolution
		SolutionGuid = {2CD15DD5-26FE-4BA6-B979-A4C4B72CF844}
	EndGlobalSection
EndGlobal
